
Microsoft Visual Studio Solution File, Format Version 12.00
# Visual Studio Version 17
VisualStudioVersion = 17.14.36301.6 d17.14
MinimumVisualStudioVersion = 10.0.40219.1
Project("{54A90642-561A-4BB1-A94E-469ADEE60C69}") = "hft-app.client", "hft-app.client\hft-app.client.esproj", "{13F90E2F-E264-30B3-B32B-53A0021F2A84}"
EndProject
Project("{FAE04EC0-301F-11D3-BF4B-00C04F79EFBC}") = "hft-app.Server", "hft-app.Server\hft-app.Server.csproj", "{BE115439-2916-4769-99C3-596F223CC229}"
EndProject
Global
	GlobalSection(SolutionConfigurationPlatforms) = preSolution
		Debug|Any CPU = Debug|Any CPU
		Release|Any CPU = Release|Any CPU
	EndGlobalSection
	GlobalSection(ProjectConfigurationPlatforms) = postSolution
		{13F90E2F-E264-30B3-B32B-53A0021F2A84}.Debug|Any CPU.ActiveCfg = Debug|Any CPU
		{13F90E2F-E264-30B3-B32B-53A0021F2A84}.Debug|Any CPU.Build.0 = Debug|Any CPU
		{13F90E2F-E264-30B3-B32B-53A0021F2A84}.Debug|Any CPU.Deploy.0 = Debug|Any CPU
		{13F90E2F-E264-30B3-B32B-53A0021F2A84}.Release|Any CPU.ActiveCfg = Release|Any CPU
		{13F90E2F-E264-30B3-B32B-53A0021F2A84}.Release|Any CPU.Build.0 = Release|Any CPU
		{13F90E2F-E264-30B3-B32B-53A0021F2A84}.Release|Any CPU.Deploy.0 = Release|Any CPU
		{BE115439-2916-4769-99C3-596F223CC229}.Debug|Any CPU.ActiveCfg = Debug|Any CPU
		{BE115439-2916-4769-99C3-596F223CC229}.Debug|Any CPU.Build.0 = Debug|Any CPU
		{BE115439-2916-4769-99C3-596F223CC229}.Release|Any CPU.ActiveCfg = Release|Any CPU
		{BE115439-2916-4769-99C3-596F223CC229}.Release|Any CPU.Build.0 = Release|Any CPU
	EndGlobalSection
	GlobalSection(SolutionProperties) = preSolution
		HideSolutionNode = FALSE
	EndGlobalSection
	GlobalSection(ExtensibilityGlobals) = postSolution
		SolutionGuid = {8D756E68-5F24-490E-843E-FA663AE9032C}
	EndGlobalSection
EndGlobal
